<?xml version="1.0" encoding="utf-8"?>
<Project ToolsVersion="4.0" xmlns="http://schemas.microsoft.com/developer/msbuild/2003">
  <ItemGroup>
    <Filter Include="Source Files">
      <UniqueIdentifier>{4FC737F1-C7A5-4376-A066-2A32D752A2FF}</UniqueIdentifier>
      <Extensions>cpp;c;cc;cxx;c++;cppm;ixx;def;odl;idl;hpj;bat;asm;asmx</Extensions>
    </Filter>
    <Filter Include="Header Files">
      <UniqueIdentifier>{93995380-89BD-4b04-88EB-625FBE52EBFB}</UniqueIdentifier>
      <Extensions>h;hh;hpp;hxx;h++;hm;inl;inc;ipp;xsd</Extensions>
    </Filter>
    <Filter Include="Resource Files">
      <UniqueIdentifier>{67DA6AB6-F800-4c08-8B7A-83BB121AAD01}</UniqueIdentifier>
      <Extensions>rc;ico;cur;bmp;dlg;rc2;rct;bin;rgs;gif;jpg;jpeg;jpe;resx;tiff;tif;png;wav;mfcribbon-ms</Extensions>
    </Filter>
    <Filter Include="Source Files\shapes">
      <UniqueIdentifier>{13788c98-87a2-42c2-b085-e2792be94ad3}</UniqueIdentifier>
    </Filter>
    <Filter Include="Source Files\core">
      <UniqueIdentifier>{9f331948-f015-4c18-89bc-c2f15fdeac76}</UniqueIdentifier>
    </Filter>
    <Filter Include="Header Files\core">
      <UniqueIdentifier>{69345479-d11a-46b7-9e61-f7eeed85269f}</UniqueIdentifier>
    </Filter>
    <Filter Include="Source Files\cube">
      <UniqueIdentifier>{d0c5d956-eb78-451f-b2ba-0b5cf47ac732}</UniqueIdentifier>
    </Filter>
  </ItemGroup>
  <ItemGroup>
    <ClCompile Include="gltest.cpp">
      <Filter>Source Files</Filter>
    </ClCompile>
    <ClCompile Include="glslutils.cpp">
      <Filter>Source Files</Filter>
    </ClCompile>
    <ClCompile Include="rectangle.cpp">
      <Filter>Source Files\shapes</Filter>
    </ClCompile>
    <ClCompile Include="openGL.cpp">
      <Filter>Source Files\core</Filter>
    </ClCompile>
    <ClCompile Include="triangle.cpp">
      <Filter>Source Files\shapes</Filter>
    </ClCompile>
    <ClCompile Include="cube.cpp">
      <Filter>Source Files\cube</Filter>
    </ClCompile>
    <ClCompile Include="InitShader.cpp">
      <Filter>Source Files\core</Filter>
    </ClCompile>
    <ClCompile Include="textfile.cpp">
      <Filter>Source Files</Filter>
    </ClCompile>
  </ItemGroup>
  <ItemGroup>
    <None Include="vShader.glsl">
      <Filter>Source Files</Filter>
    </None>
    <None Include="fShader.glsl">
      <Filter>Source Files</Filter>
    </None>
    <None Include="cube_fshader.glsl">
      <Filter>Source Files\cube</Filter>
    </None>
    <None Include="cube_vshader.glsl">
      <Filter>Source Files\cube</Filter>
    </None>
  </ItemGroup>
  <ItemGroup>
    <ClInclude Include="glslutils.h">
      <Filter>Header Files</Filter>
    </ClInclude>
    <ClInclude Include="cube.h">
      <Filter>Header Files</Filter>
    </ClInclude>
    <ClInclude Include="triangle.h">
      <Filter>Header Files</Filter>
    </ClInclude>
    <ClInclude Include="rectangle.h">
      <Filter>Header Files</Filter>
    </ClInclude>
    <ClInclude Include="mat.h">
      <Filter>Header Files\core</Filter>
    </ClInclude>
    <ClInclude Include="vec.h">
      <Filter>Header Files\core</Filter>
    </ClInclude>
    <ClInclude Include="Angel.h">
      <Filter>Header Files\core</Filter>
    </ClInclude>
    <ClInclude Include="CheckError.h">
      <Filter>Header Files\core</Filter>
    </ClInclude>
    <ClInclude Include="openGL.h">
      <Filter>Header Files\core</Filter>
    </ClInclude>
    <ClInclude Include="textfile.h">
      <Filter>Header Files\core</Filter>
    </ClInclude>
  </ItemGroup>
</Project>