<?xml version="1.0" encoding="utf-8"?>
<Project ToolsVersion="4.0" xmlns="http://schemas.microsoft.com/developer/msbuild/2003">
  <ItemGroup>
    <Filter Include="Source Files">
      <UniqueIdentifier>{4FC737F1-C7A5-4376-A066-2A32D752A2FF}</UniqueIdentifier>
      <Extensions>cpp;c;cc;cxx;c++;cppm;ixx;def;odl;idl;hpj;bat;asm;asmx</Extensions>
    </Filter>
    <Filter Include="Header Files">
      <UniqueIdentifier>{93995380-89BD-4b04-88EB-625FBE52EBFB}</UniqueIdentifier>
      <Extensions>h;hh;hpp;hxx;h++;hm;inl;inc;ipp;xsd</Extensions>
    </Filter>
    <Filter Include="Resource Files">
      <UniqueIdentifier>{67DA6AB6-F800-4c08-8B7A-83BB121AAD01}</UniqueIdentifier>
      <Extensions>rc;ico;cur;bmp;dlg;rc2;rct;bin;rgs;gif;jpg;jpeg;jpe;resx;tiff;tif;png;wav;mfcribbon-ms</Extensions>
    </Filter>
    <Filter Include="Header Files\core">
      <UniqueIdentifier>{172fc8ae-46e6-4a30-89d0-6be671e6ec7a}</UniqueIdentifier>
    </Filter>
    <Filter Include="Header Files\objects">
      <UniqueIdentifier>{dcbd5b11-6947-4fce-b592-2165f5fe9c3d}</UniqueIdentifier>
    </Filter>
    <Filter Include="Source Files\core">
      <UniqueIdentifier>{7c21eb69-c296-4b66-a443-ae3e116df588}</UniqueIdentifier>
    </Filter>
    <Filter Include="Source Files\objects">
      <UniqueIdentifier>{3d69d408-a2e6-406d-8888-222df8abe6a5}</UniqueIdentifier>
    </Filter>
    <Filter Include="Source Files\objects\cube">
      <UniqueIdentifier>{e024b91b-6b74-42fb-88b7-329d0a7d93b7}</UniqueIdentifier>
    </Filter>
  </ItemGroup>
  <ItemGroup>
    <ClCompile Include="main.cpp">
      <Filter>Source Files</Filter>
    </ClCompile>
    <ClCompile Include="objects\cube\cube.cpp">
      <Filter>Source Files\objects\cube</Filter>
    </ClCompile>
    <ClCompile Include="core\InitShader.cpp">
      <Filter>Source Files\core</Filter>
    </ClCompile>
    <ClCompile Include="core\glObject.cpp">
      <Filter>Source Files\core</Filter>
    </ClCompile>
    <ClCompile Include="core\camera.cpp">
      <Filter>Source Files\core</Filter>
    </ClCompile>
    <ClCompile Include="core\textfile.cpp">
      <Filter>Source Files\core</Filter>
    </ClCompile>
    <ClCompile Include="core\openGL.cpp">
      <Filter>Source Files\core</Filter>
    </ClCompile>
    <ClCompile Include="core\ui.cpp">
      <Filter>Source Files\core</Filter>
    </ClCompile>
    <ClCompile Include="core\axes.cpp">
      <Filter>Source Files\core</Filter>
    </ClCompile>
    <ClCompile Include="objects\shelf\shelf.cpp">
      <Filter>Source Files</Filter>
    </ClCompile>
    <ClCompile Include="shelf_test.cpp">
      <Filter>Source Files</Filter>
    </ClCompile>
    <ClCompile Include="core\lighting.cpp">
      <Filter>Source Files\core</Filter>
    </ClCompile>
  </ItemGroup>
  <ItemGroup>
    <None Include="fShader.glsl">
      <Filter>Source Files</Filter>
    </None>
    <None Include="vShader.glsl">
      <Filter>Source Files</Filter>
    </None>
    <None Include="objects\cube\cube_fshader.glsl">
      <Filter>Source Files\objects\cube</Filter>
    </None>
    <None Include="objects\cube\cube_vshader.glsl">
      <Filter>Source Files\objects\cube</Filter>
    </None>
  </ItemGroup>
  <ItemGroup>
    <ClInclude Include="include\objects\cube.h">
      <Filter>Header Files\objects</Filter>
    </ClInclude>
    <ClInclude Include="include\core\ui.h">
      <Filter>Header Files\core</Filter>
    </ClInclude>
    <ClInclude Include="include\core\Angel.h">
      <Filter>Header Files\core</Filter>
    </ClInclude>
    <ClInclude Include="include\core\camera.h">
      <Filter>Header Files\core</Filter>
    </ClInclude>
    <ClInclude Include="include\core\CheckError.h">
      <Filter>Header Files\core</Filter>
    </ClInclude>
    <ClInclude Include="include\core\glObject.h">
      <Filter>Header Files\core</Filter>
    </ClInclude>
    <ClInclude Include="include\core\mat.h">
      <Filter>Header Files\core</Filter>
    </ClInclude>
    <ClInclude Include="include\core\openGL.h">
      <Filter>Header Files\core</Filter>
    </ClInclude>
    <ClInclude Include="include\core\textfile.h">
      <Filter>Header Files\core</Filter>
    </ClInclude>
    <ClInclude Include="include\core\vec.h">
      <Filter>Header Files\core</Filter>
    </ClInclude>
    <ClInclude Include="include\core\axes.h">
      <Filter>Header Files\core</Filter>
    </ClInclude>
    <ClInclude Include="include\core\environment.h">
      <Filter>Header Files\core</Filter>
    </ClInclude>
    <ClInclude Include="core\mat_old_from_angel.h">
      <Filter>Header Files\core</Filter>
    </ClInclude>
    <ClInclude Include="include\objects\shelf.h">
      <Filter>Header Files</Filter>
    </ClInclude>
    <ClInclude Include="include\core\lighting.h">
      <Filter>Header Files\core</Filter>
    </ClInclude>
  </ItemGroup>
</Project>